// !$*UTF8*$!
{
	archiveVersion = 1;
	classes = {
	};
	objectVersion = 56;
	objects = {

/* Begin PBXBuildFile section */
		533E82662A1B65060094CC72 /* TextFieldViewDemo.swift in Sources */ = {isa = PBXBuildFile; fileRef = 533E82652A1B65060094CC72 /* TextFieldViewDemo.swift */; };
		533E82692A1C61290094CC72 /* ValueSelectorDemo.swift in Sources */ = {isa = PBXBuildFile; fileRef = 533E82682A1C61290094CC72 /* ValueSelectorDemo.swift */; };
		533E826D2A1C853A0094CC72 /* LabelViewDemo.swift in Sources */ = {isa = PBXBuildFile; fileRef = 533E826C2A1C853A0094CC72 /* LabelViewDemo.swift */; };
		5354B2D22A161211001DA00F /* AsyncScrollViewDemo.swift in Sources */ = {isa = PBXBuildFile; fileRef = 5354B2D12A161211001DA00F /* AsyncScrollViewDemo.swift */; };
		5354B2D52A171809001DA00F /* Information.swift in Sources */ = {isa = PBXBuildFile; fileRef = 5354B2D42A171809001DA00F /* Information.swift */; };
		5354B2D72A171828001DA00F /* ThumnbnailView.swift in Sources */ = {isa = PBXBuildFile; fileRef = 5354B2D62A171828001DA00F /* ThumnbnailView.swift */; };
		5354B2D92A171865001DA00F /* CellView.swift in Sources */ = {isa = PBXBuildFile; fileRef = 5354B2D82A171865001DA00F /* CellView.swift */; };
		536F1B1E2A11E8E70010886D /* LearningSwiftApp.swift in Sources */ = {isa = PBXBuildFile; fileRef = 536F1B1D2A11E8E70010886D /* LearningSwiftApp.swift */; };
		536F1B202A11E8E70010886D /* ContentView.swift in Sources */ = {isa = PBXBuildFile; fileRef = 536F1B1F2A11E8E70010886D /* ContentView.swift */; };
		536F1B252A11E8E80010886D /* Preview Assets.xcassets in Resources */ = {isa = PBXBuildFile; fileRef = 536F1B242A11E8E80010886D /* Preview Assets.xcassets */; };
		537604E62A1EFAA30033BA9B /* ApiResponse.swift in Sources */ = {isa = PBXBuildFile; fileRef = 537604E52A1EFAA30033BA9B /* ApiResponse.swift */; };
		537604E82A1EFAEA0033BA9B /* ApiResponseParser.swift in Sources */ = {isa = PBXBuildFile; fileRef = 537604E72A1EFAEA0033BA9B /* ApiResponseParser.swift */; };
		537604EE2A1EFC2B0033BA9B /* PostsResponseBody.swift in Sources */ = {isa = PBXBuildFile; fileRef = 537604ED2A1EFC2B0033BA9B /* PostsResponseBody.swift */; };
		537604F02A1EFCA40033BA9B /* PostsApiClient.swift in Sources */ = {isa = PBXBuildFile; fileRef = 537604EF2A1EFCA40033BA9B /* PostsApiClient.swift */; };
		537604F32A1EFDD60033BA9B /* BaseUrl.swift in Sources */ = {isa = PBXBuildFile; fileRef = 537604F22A1EFDD60033BA9B /* BaseUrl.swift */; };
		53A949CE2A1C8EA000660896 /* ProgressViewDemo.swift in Sources */ = {isa = PBXBuildFile; fileRef = 53A949CD2A1C8EA000660896 /* ProgressViewDemo.swift */; };
		53A949D12A1C970B00660896 /* LocalizationDemo.swift in Sources */ = {isa = PBXBuildFile; fileRef = 53A949D02A1C970B00660896 /* LocalizationDemo.swift */; };
		53A949D62A1C99EA00660896 /* Localizable.strings in Resources */ = {isa = PBXBuildFile; fileRef = 53A949D82A1C99EA00660896 /* Localizable.strings */; };
		53A949DC2A1CB6F100660896 /* FormDemo.swift in Sources */ = {isa = PBXBuildFile; fileRef = 53A949DB2A1CB6F100660896 /* FormDemo.swift */; };
		53A949DF2A1CCBB800660896 /* WebApiClientDemo.swift in Sources */ = {isa = PBXBuildFile; fileRef = 53A949DE2A1CCBB800660896 /* WebApiClientDemo.swift */; };
		53A949E52A1DF6CA00660896 /* AdvancedWebApiClientDemo.swift in Sources */ = {isa = PBXBuildFile; fileRef = 53A949E22A1DF64900660896 /* AdvancedWebApiClientDemo.swift */; };
		53A949E72A1DFA9200660896 /* WebApiClient.swift in Sources */ = {isa = PBXBuildFile; fileRef = 53A949E62A1DFA9200660896 /* WebApiClient.swift */; };
		53AA83992A171ABF00A625B7 /* Util.swift in Sources */ = {isa = PBXBuildFile; fileRef = 53AA83982A171ABF00A625B7 /* Util.swift */; };
		53AA839C2A173DCE00A625B7 /* Combine.framework in Frameworks */ = {isa = PBXBuildFile; fileRef = 53AA839B2A173DCE00A625B7 /* Combine.framework */; };
		53AA839E2A1B0AE900A625B7 /* SimpleThumnbnailView.swift in Sources */ = {isa = PBXBuildFile; fileRef = 53AA839D2A1B0AE900A625B7 /* SimpleThumnbnailView.swift */; };
		53AA83A22A1B1C4E00A625B7 /* ImageViewProxy.swift in Sources */ = {isa = PBXBuildFile; fileRef = 53AA83A12A1B1C4E00A625B7 /* ImageViewProxy.swift */; };
		53AA83A52A1B446F00A625B7 /* TabViewDemo.swift in Sources */ = {isa = PBXBuildFile; fileRef = 53AA83A42A1B446F00A625B7 /* TabViewDemo.swift */; };
		53D90C802A208A55003855FB /* ImageFromBinaryDemo.swift in Sources */ = {isa = PBXBuildFile; fileRef = 53D90C7F2A208A55003855FB /* ImageFromBinaryDemo.swift */; };
		53D90C822A209E99003855FB /* Assets.xcassets in Resources */ = {isa = PBXBuildFile; fileRef = 53D90C812A209E99003855FB /* Assets.xcassets */; };
		53D90C852A209F4E003855FB /* ScaleByMultiSwipeDemo.swift in Sources */ = {isa = PBXBuildFile; fileRef = 53D90C842A209F4E003855FB /* ScaleByMultiSwipeDemo.swift */; };
		53D90C872A20A02B003855FB /* ScalableImage.swift in Sources */ = {isa = PBXBuildFile; fileRef = 53D90C862A20A02B003855FB /* ScalableImage.swift */; };
/* End PBXBuildFile section */

/* Begin PBXFileReference section */
		533E82652A1B65060094CC72 /* TextFieldViewDemo.swift */ = {isa = PBXFileReference; lastKnownFileType = sourcecode.swift; path = TextFieldViewDemo.swift; sourceTree = "<group>"; };
		533E82682A1C61290094CC72 /* ValueSelectorDemo.swift */ = {isa = PBXFileReference; lastKnownFileType = sourcecode.swift; path = ValueSelectorDemo.swift; sourceTree = "<group>"; };
		533E826C2A1C853A0094CC72 /* LabelViewDemo.swift */ = {isa = PBXFileReference; lastKnownFileType = sourcecode.swift; path = LabelViewDemo.swift; sourceTree = "<group>"; };
		5354B2D12A161211001DA00F /* AsyncScrollViewDemo.swift */ = {isa = PBXFileReference; lastKnownFileType = sourcecode.swift; path = AsyncScrollViewDemo.swift; sourceTree = "<group>"; };
		5354B2D42A171809001DA00F /* Information.swift */ = {isa = PBXFileReference; lastKnownFileType = sourcecode.swift; path = Information.swift; sourceTree = "<group>"; };
		5354B2D62A171828001DA00F /* ThumnbnailView.swift */ = {isa = PBXFileReference; lastKnownFileType = sourcecode.swift; path = ThumnbnailView.swift; sourceTree = "<group>"; };
		5354B2D82A171865001DA00F /* CellView.swift */ = {isa = PBXFileReference; lastKnownFileType = sourcecode.swift; path = CellView.swift; sourceTree = "<group>"; };
		536F1B1A2A11E8E70010886D /* LearningSwift.app */ = {isa = PBXFileReference; explicitFileType = wrapper.application; includeInIndex = 0; path = LearningSwift.app; sourceTree = BUILT_PRODUCTS_DIR; };
		536F1B1D2A11E8E70010886D /* LearningSwiftApp.swift */ = {isa = PBXFileReference; lastKnownFileType = sourcecode.swift; path = LearningSwiftApp.swift; sourceTree = "<group>"; };
		536F1B1F2A11E8E70010886D /* ContentView.swift */ = {isa = PBXFileReference; lastKnownFileType = sourcecode.swift; path = ContentView.swift; sourceTree = "<group>"; };
		536F1B242A11E8E80010886D /* Preview Assets.xcassets */ = {isa = PBXFileReference; lastKnownFileType = folder.assetcatalog; path = "Preview Assets.xcassets"; sourceTree = "<group>"; };
		537604E52A1EFAA30033BA9B /* ApiResponse.swift */ = {isa = PBXFileReference; lastKnownFileType = sourcecode.swift; path = ApiResponse.swift; sourceTree = "<group>"; };
		537604E72A1EFAEA0033BA9B /* ApiResponseParser.swift */ = {isa = PBXFileReference; lastKnownFileType = sourcecode.swift; path = ApiResponseParser.swift; sourceTree = "<group>"; };
		537604ED2A1EFC2B0033BA9B /* PostsResponseBody.swift */ = {isa = PBXFileReference; lastKnownFileType = sourcecode.swift; path = PostsResponseBody.swift; sourceTree = "<group>"; };
		537604EF2A1EFCA40033BA9B /* PostsApiClient.swift */ = {isa = PBXFileReference; lastKnownFileType = sourcecode.swift; path = PostsApiClient.swift; sourceTree = "<group>"; };
		537604F22A1EFDD60033BA9B /* BaseUrl.swift */ = {isa = PBXFileReference; lastKnownFileType = sourcecode.swift; path = BaseUrl.swift; sourceTree = "<group>"; };
		53A949CD2A1C8EA000660896 /* ProgressViewDemo.swift */ = {isa = PBXFileReference; lastKnownFileType = sourcecode.swift; path = ProgressViewDemo.swift; sourceTree = "<group>"; };
		53A949D02A1C970B00660896 /* LocalizationDemo.swift */ = {isa = PBXFileReference; lastKnownFileType = sourcecode.swift; path = LocalizationDemo.swift; sourceTree = "<group>"; };
		53A949D72A1C99EA00660896 /* en */ = {isa = PBXFileReference; lastKnownFileType = text.plist.strings; name = en; path = en.lproj/Localizable.strings; sourceTree = "<group>"; };
		53A949D92A1C9A0400660896 /* ja */ = {isa = PBXFileReference; lastKnownFileType = text.plist.strings; name = ja; path = ja.lproj/Localizable.strings; sourceTree = "<group>"; };
		53A949DB2A1CB6F100660896 /* FormDemo.swift */ = {isa = PBXFileReference; lastKnownFileType = sourcecode.swift; path = FormDemo.swift; sourceTree = "<group>"; };
		53A949DE2A1CCBB800660896 /* WebApiClientDemo.swift */ = {isa = PBXFileReference; lastKnownFileType = sourcecode.swift; path = WebApiClientDemo.swift; sourceTree = "<group>"; };
		53A949E22A1DF64900660896 /* AdvancedWebApiClientDemo.swift */ = {isa = PBXFileReference; lastKnownFileType = sourcecode.swift; path = AdvancedWebApiClientDemo.swift; sourceTree = "<group>"; };
		53A949E62A1DFA9200660896 /* WebApiClient.swift */ = {isa = PBXFileReference; lastKnownFileType = sourcecode.swift; path = WebApiClient.swift; sourceTree = "<group>"; };
		53AA83982A171ABF00A625B7 /* Util.swift */ = {isa = PBXFileReference; lastKnownFileType = sourcecode.swift; path = Util.swift; sourceTree = "<group>"; };
		53AA839B2A173DCE00A625B7 /* Combine.framework */ = {isa = PBXFileReference; lastKnownFileType = wrapper.framework; name = Combine.framework; path = System/Library/Frameworks/Combine.framework; sourceTree = SDKROOT; };
		53AA839D2A1B0AE900A625B7 /* SimpleThumnbnailView.swift */ = {isa = PBXFileReference; fileEncoding = 4; lastKnownFileType = sourcecode.swift; path = SimpleThumnbnailView.swift; sourceTree = "<group>"; };
		53AA83A12A1B1C4E00A625B7 /* ImageViewProxy.swift */ = {isa = PBXFileReference; lastKnownFileType = sourcecode.swift; path = ImageViewProxy.swift; sourceTree = "<group>"; };
		53AA83A42A1B446F00A625B7 /* TabViewDemo.swift */ = {isa = PBXFileReference; lastKnownFileType = sourcecode.swift; path = TabViewDemo.swift; sourceTree = "<group>"; };
		53D90C7F2A208A55003855FB /* ImageFromBinaryDemo.swift */ = {isa = PBXFileReference; lastKnownFileType = sourcecode.swift; path = ImageFromBinaryDemo.swift; sourceTree = "<group>"; };
		53D90C812A209E99003855FB /* Assets.xcassets */ = {isa = PBXFileReference; lastKnownFileType = folder.assetcatalog; path = Assets.xcassets; sourceTree = "<group>"; };
		53D90C842A209F4E003855FB /* ScaleByMultiSwipeDemo.swift */ = {isa = PBXFileReference; lastKnownFileType = sourcecode.swift; path = ScaleByMultiSwipeDemo.swift; sourceTree = "<group>"; };
		53D90C862A20A02B003855FB /* ScalableImage.swift */ = {isa = PBXFileReference; lastKnownFileType = sourcecode.swift; path = ScalableImage.swift; sourceTree = "<group>"; };
/* End PBXFileReference section */

/* Begin PBXFrameworksBuildPhase section */
		536F1B172A11E8E70010886D /* Frameworks */ = {
			isa = PBXFrameworksBuildPhase;
			buildActionMask = 2147483647;
			files = (
				53AA839C2A173DCE00A625B7 /* Combine.framework in Frameworks */,
			);
			runOnlyForDeploymentPostprocessing = 0;
		};
/* End PBXFrameworksBuildPhase section */

/* Begin PBXGroup section */
		533E82672A1C61020094CC72 /* 04_ValueSelectorDemo */ = {
			isa = PBXGroup;
			children = (
				533E82682A1C61290094CC72 /* ValueSelectorDemo.swift */,
			);
			path = 04_ValueSelectorDemo;
			sourceTree = "<group>";
		};
		533E826A2A1C84C20094CC72 /* 05_LabelViewDemo */ = {
			isa = PBXGroup;
			children = (
				533E826C2A1C853A0094CC72 /* LabelViewDemo.swift */,
			);
			path = 05_LabelViewDemo;
			sourceTree = "<group>";
		};
		5354B2D32A171743001DA00F /* 01_AsyncScrollViewDemo */ = {
			isa = PBXGroup;
			children = (
				5354B2D12A161211001DA00F /* AsyncScrollViewDemo.swift */,
				5354B2D82A171865001DA00F /* CellView.swift */,
				5354B2D42A171809001DA00F /* Information.swift */,
				53AA839D2A1B0AE900A625B7 /* SimpleThumnbnailView.swift */,
				5354B2D62A171828001DA00F /* ThumnbnailView.swift */,
				53AA83A12A1B1C4E00A625B7 /* ImageViewProxy.swift */,
			);
			path = 01_AsyncScrollViewDemo;
			sourceTree = "<group>";
		};
		536F1B112A11E8E70010886D = {
			isa = PBXGroup;
			children = (
				53AA839A2A173DCE00A625B7 /* Frameworks */,
				536F1B1B2A11E8E70010886D /* Products */,
				536F1B1C2A11E8E70010886D /* LearningSwift */,
			);
			sourceTree = "<group>";
		};
		536F1B1B2A11E8E70010886D /* Products */ = {
			isa = PBXGroup;
			children = (
				536F1B1A2A11E8E70010886D /* LearningSwift.app */,
			);
			name = Products;
			sourceTree = "<group>";
		};
		536F1B1C2A11E8E70010886D /* LearningSwift */ = {
			isa = PBXGroup;
			children = (
				53D90C812A209E99003855FB /* Assets.xcassets */,
				536F1B1F2A11E8E70010886D /* ContentView.swift */,
				536F1B1D2A11E8E70010886D /* LearningSwiftApp.swift */,
				53AA83A62A1B645F00A625B7 /* Demo */,
				536F1B232A11E8E80010886D /* Preview Content */,
			);
			path = LearningSwift;
			sourceTree = "<group>";
		};
		536F1B232A11E8E80010886D /* Preview Content */ = {
			isa = PBXGroup;
			children = (
				536F1B242A11E8E80010886D /* Preview Assets.xcassets */,
			);
			path = "Preview Content";
			sourceTree = "<group>";
		};
		537604E92A1EFB480033BA9B /* WebApiClientModule */ = {
			isa = PBXGroup;
			children = (
				537604E52A1EFAA30033BA9B /* ApiResponse.swift */,
				537604E72A1EFAEA0033BA9B /* ApiResponseParser.swift */,
				53A949E62A1DFA9200660896 /* WebApiClient.swift */,
			);
			path = WebApiClientModule;
			sourceTree = "<group>";
		};
		537604EA2A1EFBF30033BA9B /* Posts */ = {
			isa = PBXGroup;
			children = (
				537604EF2A1EFCA40033BA9B /* PostsApiClient.swift */,
				537604ED2A1EFC2B0033BA9B /* PostsResponseBody.swift */,
			);
			path = Posts;
			sourceTree = "<group>";
		};
		537604F12A1EFDBB0033BA9B /* WebApi */ = {
			isa = PBXGroup;
			children = (
				537604EA2A1EFBF30033BA9B /* Posts */,
				537604F22A1EFDD60033BA9B /* BaseUrl.swift */,
			);
			path = WebApi;
			sourceTree = "<group>";
		};
		53A949CC2A1C8E8300660896 /* 06_ProgressViewDemo */ = {
			isa = PBXGroup;
			children = (
				53A949CD2A1C8EA000660896 /* ProgressViewDemo.swift */,
			);
			path = 06_ProgressViewDemo;
			sourceTree = "<group>";
		};
		53A949CF2A1C96E800660896 /* 07_LocalizationDemo */ = {
			isa = PBXGroup;
			children = (
				53A949D02A1C970B00660896 /* LocalizationDemo.swift */,
				53A949D82A1C99EA00660896 /* Localizable.strings */,
			);
			path = 07_LocalizationDemo;
			sourceTree = "<group>";
		};
		53A949DA2A1CB6AA00660896 /* 08_FormDemo */ = {
			isa = PBXGroup;
			children = (
				53A949DB2A1CB6F100660896 /* FormDemo.swift */,
			);
			path = 08_FormDemo;
			sourceTree = "<group>";
		};
		53A949DD2A1CCB9400660896 /* 09_WebApiClientDemo */ = {
			isa = PBXGroup;
			children = (
				53A949DE2A1CCBB800660896 /* WebApiClientDemo.swift */,
			);
			path = 09_WebApiClientDemo;
			sourceTree = "<group>";
		};
		53A949E42A1DF68400660896 /* 10_AdvancedWebApiClientDemo */ = {
			isa = PBXGroup;
			children = (
				53A949E22A1DF64900660896 /* AdvancedWebApiClientDemo.swift */,
				537604F12A1EFDBB0033BA9B /* WebApi */,
				537604E92A1EFB480033BA9B /* WebApiClientModule */,
			);
			path = 10_AdvancedWebApiClientDemo;
			sourceTree = "<group>";
		};
		53AA839A2A173DCE00A625B7 /* Frameworks */ = {
			isa = PBXGroup;
			children = (
				53AA839B2A173DCE00A625B7 /* Combine.framework */,
			);
			name = Frameworks;
			sourceTree = "<group>";
		};
		53AA83A32A1B443A00A625B7 /* 02_TabViewDemo */ = {
			isa = PBXGroup;
			children = (
				53AA83A42A1B446F00A625B7 /* TabViewDemo.swift */,
			);
			path = 02_TabViewDemo;
			sourceTree = "<group>";
		};
		53AA83A62A1B645F00A625B7 /* Demo */ = {
			isa = PBXGroup;
			children = (
				53AA83982A171ABF00A625B7 /* Util.swift */,
				5354B2D32A171743001DA00F /* 01_AsyncScrollViewDemo */,
				53AA83A32A1B443A00A625B7 /* 02_TabViewDemo */,
				53AA83A72A1B649600A625B7 /* 03_TextFieldDemo */,
				533E82672A1C61020094CC72 /* 04_ValueSelectorDemo */,
				533E826A2A1C84C20094CC72 /* 05_LabelViewDemo */,
				53A949CC2A1C8E8300660896 /* 06_ProgressViewDemo */,
				53A949CF2A1C96E800660896 /* 07_LocalizationDemo */,
				53A949DA2A1CB6AA00660896 /* 08_FormDemo */,
				53A949DD2A1CCB9400660896 /* 09_WebApiClientDemo */,
				53A949E42A1DF68400660896 /* 10_AdvancedWebApiClientDemo */,
				53D90C7E2A208A34003855FB /* 11_ImageFromBinaryDemo */,
				53D90C832A209F19003855FB /* 12_ScaleByMultiSwipeDemo */,
			);
			path = Demo;
			sourceTree = "<group>";
		};
		53AA83A72A1B649600A625B7 /* 03_TextFieldDemo */ = {
			isa = PBXGroup;
			children = (
				533E82652A1B65060094CC72 /* TextFieldViewDemo.swift */,
			);
			path = 03_TextFieldDemo;
			sourceTree = "<group>";
		};
		53D90C7E2A208A34003855FB /* 11_ImageFromBinaryDemo */ = {
			isa = PBXGroup;
			children = (
				53D90C7F2A208A55003855FB /* ImageFromBinaryDemo.swift */,
			);
			path = 11_ImageFromBinaryDemo;
			sourceTree = "<group>";
		};
		53D90C832A209F19003855FB /* 12_ScaleByMultiSwipeDemo */ = {
			isa = PBXGroup;
			children = (
				53D90C842A209F4E003855FB /* ScaleByMultiSwipeDemo.swift */,
				53D90C862A20A02B003855FB /* ScalableImage.swift */,
			);
			path = 12_ScaleByMultiSwipeDemo;
			sourceTree = "<group>";
		};
/* End PBXGroup section */

/* Begin PBXNativeTarget section */
		536F1B192A11E8E70010886D /* LearningSwift */ = {
			isa = PBXNativeTarget;
			buildConfigurationList = 536F1B282A11E8E80010886D /* Build configuration list for PBXNativeTarget "LearningSwift" */;
			buildPhases = (
				536F1B162A11E8E70010886D /* Sources */,
				536F1B172A11E8E70010886D /* Frameworks */,
				536F1B182A11E8E70010886D /* Resources */,
			);
			buildRules = (
			);
			dependencies = (
			);
			name = LearningSwift;
			productName = LearningSwift;
			productReference = 536F1B1A2A11E8E70010886D /* LearningSwift.app */;
			productType = "com.apple.product-type.application";
		};
/* End PBXNativeTarget section */

/* Begin PBXProject section */
		536F1B122A11E8E70010886D /* Project object */ = {
			isa = PBXProject;
			attributes = {
				BuildIndependentTargetsInParallel = 1;
				LastSwiftUpdateCheck = 1420;
				LastUpgradeCheck = 1420;
				TargetAttributes = {
					536F1B192A11E8E70010886D = {
						CreatedOnToolsVersion = 14.2;
					};
				};
			};
			buildConfigurationList = 536F1B152A11E8E70010886D /* Build configuration list for PBXProject "LearningSwift" */;
			compatibilityVersion = "Xcode 14.0";
			developmentRegion = en;
			hasScannedForEncodings = 0;
			knownRegions = (
				en,
				Base,
				ja,
			);
			mainGroup = 536F1B112A11E8E70010886D;
			productRefGroup = 536F1B1B2A11E8E70010886D /* Products */;
			projectDirPath = "";
			projectRoot = "";
			targets = (
				536F1B192A11E8E70010886D /* LearningSwift */,
			);
		};
/* End PBXProject section */

/* Begin PBXResourcesBuildPhase section */
		536F1B182A11E8E70010886D /* Resources */ = {
			isa = PBXResourcesBuildPhase;
			buildActionMask = 2147483647;
			files = (
				536F1B252A11E8E80010886D /* Preview Assets.xcassets in Resources */,
				53D90C822A209E99003855FB /* Assets.xcassets in Resources */,
				53A949D62A1C99EA00660896 /* Localizable.strings in Resources */,
			);
			runOnlyForDeploymentPostprocessing = 0;
		};
/* End PBXResourcesBuildPhase section */

/* Begin PBXSourcesBuildPhase section */
		536F1B162A11E8E70010886D /* Sources */ = {
			isa = PBXSourcesBuildPhase;
			buildActionMask = 2147483647;
			files = (
				5354B2D72A171828001DA00F /* ThumnbnailView.swift in Sources */,
				53D90C872A20A02B003855FB /* ScalableImage.swift in Sources */,
				537604F02A1EFCA40033BA9B /* PostsApiClient.swift in Sources */,
				537604EE2A1EFC2B0033BA9B /* PostsResponseBody.swift in Sources */,
				536F1B202A11E8E70010886D /* ContentView.swift in Sources */,
				53A949DC2A1CB6F100660896 /* FormDemo.swift in Sources */,
				5354B2D22A161211001DA00F /* AsyncScrollViewDemo.swift in Sources */,
				533E82662A1B65060094CC72 /* TextFieldViewDemo.swift in Sources */,
				53AA83992A171ABF00A625B7 /* Util.swift in Sources */,
				5354B2D52A171809001DA00F /* Information.swift in Sources */,
				53A949E52A1DF6CA00660896 /* AdvancedWebApiClientDemo.swift in Sources */,
				53D90C802A208A55003855FB /* ImageFromBinaryDemo.swift in Sources */,
				53AA83A52A1B446F00A625B7 /* TabViewDemo.swift in Sources */,
				533E826D2A1C853A0094CC72 /* LabelViewDemo.swift in Sources */,
				53D90C852A209F4E003855FB /* ScaleByMultiSwipeDemo.swift in Sources */,
				53AA839E2A1B0AE900A625B7 /* SimpleThumnbnailView.swift in Sources */,
				537604E82A1EFAEA0033BA9B /* ApiResponseParser.swift in Sources */,
				53AA83A22A1B1C4E00A625B7 /* ImageViewProxy.swift in Sources */,
				53A949DF2A1CCBB800660896 /* WebApiClientDemo.swift in Sources */,
				537604E62A1EFAA30033BA9B /* ApiResponse.swift in Sources */,
				53A949D12A1C970B00660896 /* LocalizationDemo.swift in Sources */,
				533E82692A1C61290094CC72 /* ValueSelectorDemo.swift in Sources */,
				536F1B1E2A11E8E70010886D /* LearningSwiftApp.swift in Sources */,
				537604F32A1EFDD60033BA9B /* BaseUrl.swift in Sources */,
				53A949CE2A1C8EA000660896 /* ProgressViewDemo.swift in Sources */,
				53A949E72A1DFA9200660896 /* WebApiClient.swift in Sources */,
				5354B2D92A171865001DA00F /* CellView.swift in Sources */,
			);
			runOnlyForDeploymentPostprocessing = 0;
		};
/* End PBXSourcesBuildPhase section */

/* Begin PBXVariantGroup section */
		53A949D82A1C99EA00660896 /* Localizable.strings */ = {
			isa = PBXVariantGroup;
			children = (
				53A949D72A1C99EA00660896 /* en */,
				53A949D92A1C9A0400660896 /* ja */,
			);
			name = Localizable.strings;
			sourceTree = "<group>";
		};
/* End PBXVariantGroup section */

/* Begin XCBuildConfiguration section */
		536F1B262A11E8E80010886D /* Debug */ = {
			isa = XCBuildConfiguration;
			buildSettings = {
				ALWAYS_SEARCH_USER_PATHS = NO;
				CLANG_ANALYZER_NONNULL = YES;
				CLANG_ANALYZER_NUMBER_OBJECT_CONVERSION = YES_AGGRESSIVE;
				CLANG_CXX_LANGUAGE_STANDARD = "gnu++20";
				CLANG_ENABLE_MODULES = YES;
				CLANG_ENABLE_OBJC_ARC = YES;
				CLANG_ENABLE_OBJC_WEAK = YES;
				CLANG_WARN_BLOCK_CAPTURE_AUTORELEASING = YES;
				CLANG_WARN_BOOL_CONVERSION = YES;
				CLANG_WARN_COMMA = YES;
				CLANG_WARN_CONSTANT_CONVERSION = YES;
				CLANG_WARN_DEPRECATED_OBJC_IMPLEMENTATIONS = YES;
				CLANG_WARN_DIRECT_OBJC_ISA_USAGE = YES_ERROR;
				CLANG_WARN_DOCUMENTATION_COMMENTS = YES;
				CLANG_WARN_EMPTY_BODY = YES;
				CLANG_WARN_ENUM_CONVERSION = YES;
				CLANG_WARN_INFINITE_RECURSION = YES;
				CLANG_WARN_INT_CONVERSION = YES;
				CLANG_WARN_NON_LITERAL_NULL_CONVERSION = YES;
				CLANG_WARN_OBJC_IMPLICIT_RETAIN_SELF = YES;
				CLANG_WARN_OBJC_LITERAL_CONVERSION = YES;
				CLANG_WARN_OBJC_ROOT_CLASS = YES_ERROR;
				CLANG_WARN_QUOTED_INCLUDE_IN_FRAMEWORK_HEADER = YES;
				CLANG_WARN_RANGE_LOOP_ANALYSIS = YES;
				CLANG_WARN_STRICT_PROTOTYPES = YES;
				CLANG_WARN_SUSPICIOUS_MOVE = YES;
				CLANG_WARN_UNGUARDED_AVAILABILITY = YES_AGGRESSIVE;
				CLANG_WARN_UNREACHABLE_CODE = YES;
				CLANG_WARN__DUPLICATE_METHOD_MATCH = YES;
				COPY_PHASE_STRIP = NO;
				DEBUG_INFORMATION_FORMAT = dwarf;
				ENABLE_STRICT_OBJC_MSGSEND = YES;
				ENABLE_TESTABILITY = YES;
				GCC_C_LANGUAGE_STANDARD = gnu11;
				GCC_DYNAMIC_NO_PIC = NO;
				GCC_NO_COMMON_BLOCKS = YES;
				GCC_OPTIMIZATION_LEVEL = 0;
				GCC_PREPROCESSOR_DEFINITIONS = (
					"DEBUG=1",
					"$(inherited)",
				);
				GCC_WARN_64_TO_32_BIT_CONVERSION = YES;
				GCC_WARN_ABOUT_RETURN_TYPE = YES_ERROR;
				GCC_WARN_UNDECLARED_SELECTOR = YES;
				GCC_WARN_UNINITIALIZED_AUTOS = YES_AGGRESSIVE;
				GCC_WARN_UNUSED_FUNCTION = YES;
				GCC_WARN_UNUSED_VARIABLE = YES;
				IPHONEOS_DEPLOYMENT_TARGET = 16.2;
				MTL_ENABLE_DEBUG_INFO = INCLUDE_SOURCE;
				MTL_FAST_MATH = YES;
				ONLY_ACTIVE_ARCH = YES;
				SDKROOT = iphoneos;
				SWIFT_ACTIVE_COMPILATION_CONDITIONS = DEBUG;
				SWIFT_OPTIMIZATION_LEVEL = "-Onone";
			};
			name = Debug;
		};
		536F1B272A11E8E80010886D /* Release */ = {
			isa = XCBuildConfiguration;
			buildSettings = {
				ALWAYS_SEARCH_USER_PATHS = NO;
				CLANG_ANALYZER_NONNULL = YES;
				CLANG_ANALYZER_NUMBER_OBJECT_CONVERSION = YES_AGGRESSIVE;
				CLANG_CXX_LANGUAGE_STANDARD = "gnu++20";
				CLANG_ENABLE_MODULES = YES;
				CLANG_ENABLE_OBJC_ARC = YES;
				CLANG_ENABLE_OBJC_WEAK = YES;
				CLANG_WARN_BLOCK_CAPTURE_AUTORELEASING = YES;
				CLANG_WARN_BOOL_CONVERSION = YES;
				CLANG_WARN_COMMA = YES;
				CLANG_WARN_CONSTANT_CONVERSION = YES;
				CLANG_WARN_DEPRECATED_OBJC_IMPLEMENTATIONS = YES;
				CLANG_WARN_DIRECT_OBJC_ISA_USAGE = YES_ERROR;
				CLANG_WARN_DOCUMENTATION_COMMENTS = YES;
				CLANG_WARN_EMPTY_BODY = YES;
				CLANG_WARN_ENUM_CONVERSION = YES;
				CLANG_WARN_INFINITE_RECURSION = YES;
				CLANG_WARN_INT_CONVERSION = YES;
				CLANG_WARN_NON_LITERAL_NULL_CONVERSION = YES;
				CLANG_WARN_OBJC_IMPLICIT_RETAIN_SELF = YES;
				CLANG_WARN_OBJC_LITERAL_CONVERSION = YES;
				CLANG_WARN_OBJC_ROOT_CLASS = YES_ERROR;
				CLANG_WARN_QUOTED_INCLUDE_IN_FRAMEWORK_HEADER = YES;
				CLANG_WARN_RANGE_LOOP_ANALYSIS = YES;
				CLANG_WARN_STRICT_PROTOTYPES = YES;
				CLANG_WARN_SUSPICIOUS_MOVE = YES;
				CLANG_WARN_UNGUARDED_AVAILABILITY = YES_AGGRESSIVE;
				CLANG_WARN_UNREACHABLE_CODE = YES;
				CLANG_WARN__DUPLICATE_METHOD_MATCH = YES;
				COPY_PHASE_STRIP = NO;
				DEBUG_INFORMATION_FORMAT = "dwarf-with-dsym";
				ENABLE_NS_ASSERTIONS = NO;
				ENABLE_STRICT_OBJC_MSGSEND = YES;
				GCC_C_LANGUAGE_STANDARD = gnu11;
				GCC_NO_COMMON_BLOCKS = YES;
				GCC_WARN_64_TO_32_BIT_CONVERSION = YES;
				GCC_WARN_ABOUT_RETURN_TYPE = YES_ERROR;
				GCC_WARN_UNDECLARED_SELECTOR = YES;
				GCC_WARN_UNINITIALIZED_AUTOS = YES_AGGRESSIVE;
				GCC_WARN_UNUSED_FUNCTION = YES;
				GCC_WARN_UNUSED_VARIABLE = YES;
				IPHONEOS_DEPLOYMENT_TARGET = 16.2;
				MTL_ENABLE_DEBUG_INFO = NO;
				MTL_FAST_MATH = YES;
				SDKROOT = iphoneos;
				SWIFT_COMPILATION_MODE = wholemodule;
				SWIFT_OPTIMIZATION_LEVEL = "-O";
				VALIDATE_PRODUCT = YES;
			};
			name = Release;
		};
		536F1B292A11E8E80010886D /* Debug */ = {
			isa = XCBuildConfiguration;
			buildSettings = {
				ASSETCATALOG_COMPILER_APPICON_NAME = AppIcon;
				ASSETCATALOG_COMPILER_GLOBAL_ACCENT_COLOR_NAME = AccentColor;
				CODE_SIGN_IDENTITY = "Apple Development";
				CODE_SIGN_STYLE = Automatic;
				CURRENT_PROJECT_VERSION = 1;
				DEVELOPMENT_ASSET_PATHS = "\"LearningSwift/Preview Content\"";
				DEVELOPMENT_TEAM = 3CNWT7WWYZ;
				ENABLE_PREVIEWS = YES;
				GENERATE_INFOPLIST_FILE = YES;
				INFOPLIST_KEY_UIApplicationSceneManifest_Generation = YES;
				INFOPLIST_KEY_UIApplicationSupportsIndirectInputEvents = YES;
				INFOPLIST_KEY_UILaunchScreen_Generation = YES;
				INFOPLIST_KEY_UIStatusBarStyle = "";
				INFOPLIST_KEY_UISupportedInterfaceOrientations = UIInterfaceOrientationPortrait;
				INFOPLIST_KEY_UISupportedInterfaceOrientations_iPad = "UIInterfaceOrientationLandscapeLeft UIInterfaceOrientationLandscapeRight UIInterfaceOrientationPortrait UIInterfaceOrientationPortraitUpsideDown";
				LD_RUNPATH_SEARCH_PATHS = (
					"$(inherited)",
					"@executable_path/Frameworks",
				);
				MARKETING_VERSION = 1.0;
				PRODUCT_BUNDLE_IDENTIFIER = com.hiroaki.LearningSwift;
				PRODUCT_NAME = "$(TARGET_NAME)";
				PROVISIONING_PROFILE_SPECIFIER = "";
				SWIFT_EMIT_LOC_STRINGS = YES;
				SWIFT_VERSION = 5.0;
				TARGETED_DEVICE_FAMILY = "1,2";
			};
			name = Debug;
		};
		536F1B2A2A11E8E80010886D /* Release */ = {
			isa = XCBuildConfiguration;
			buildSettings = {
				ASSETCATALOG_COMPILER_APPICON_NAME = AppIcon;
				ASSETCATALOG_COMPILER_GLOBAL_ACCENT_COLOR_NAME = AccentColor;
				CODE_SIGN_IDENTITY = "Apple Development";
				CODE_SIGN_STYLE = Automatic;
				CURRENT_PROJECT_VERSION = 1;
				DEVELOPMENT_ASSET_PATHS = "\"LearningSwift/Preview Content\"";
				DEVELOPMENT_TEAM = 3CNWT7WWYZ;
				ENABLE_PREVIEWS = YES;
				GENERATE_INFOPLIST_FILE = YES;
				INFOPLIST_KEY_UIApplicationSceneManifest_Generation = YES;
				INFOPLIST_KEY_UIApplicationSupportsIndirectInputEvents = YES;
				INFOPLIST_KEY_UILaunchScreen_Generation = YES;
				INFOPLIST_KEY_UIStatusBarStyle = "";
				INFOPLIST_KEY_UISupportedInterfaceOrientations = UIInterfaceOrientationPortrait;
				INFOPLIST_KEY_UISupportedInterfaceOrientations_iPad = "UIInterfaceOrientationLandscapeLeft UIInterfaceOrientationLandscapeRight UIInterfaceOrientationPortrait UIInterfaceOrientationPortraitUpsideDown";
				LD_RUNPATH_SEARCH_PATHS = (
					"$(inherited)",
					"@executable_path/Frameworks",
				);
				MARKETING_VERSION = 1.0;
				PRODUCT_BUNDLE_IDENTIFIER = com.hiroaki.LearningSwift;
				PRODUCT_NAME = "$(TARGET_NAME)";
				PROVISIONING_PROFILE_SPECIFIER = "";
				SWIFT_EMIT_LOC_STRINGS = YES;
				SWIFT_VERSION = 5.0;
				TARGETED_DEVICE_FAMILY = "1,2";
			};
			name = Release;
		};
/* End XCBuildConfiguration section */

/* Begin XCConfigurationList section */
		536F1B152A11E8E70010886D /* Build configuration list for PBXProject "LearningSwift" */ = {
			isa = XCConfigurationList;
			buildConfigurations = (
				536F1B262A11E8E80010886D /* Debug */,
				536F1B272A11E8E80010886D /* Release */,
			);
			defaultConfigurationIsVisible = 0;
			defaultConfigurationName = Release;
		};
		536F1B282A11E8E80010886D /* Build configuration list for PBXNativeTarget "LearningSwift" */ = {
			isa = XCConfigurationList;
			buildConfigurations = (
				536F1B292A11E8E80010886D /* Debug */,
				536F1B2A2A11E8E80010886D /* Release */,
			);
			defaultConfigurationIsVisible = 0;
			defaultConfigurationName = Release;
		};
/* End XCConfigurationList section */
	};
	rootObject = 536F1B122A11E8E70010886D /* Project object */;
}
